#MicroXplorer Configuration settings - do not modify
Mcu.Family=STM32G0
ProjectManager.MainLocation=Src
PA11\ [PA9].Mode=Full_Duplex_Master
RCC.PLLQoutputFreq_Value=64000000
RCC.USART1Freq_Value=16000000
ProjectManager.ProjectFileName=cubemx.ioc
USART2.IPParameters=VirtualMode-Asynchronous
RCC.CortexFreq_Value=16000000
ProjectManager.KeepUserCode=true
Mcu.UserName=STM32G071EBYx
Mcu.PinsNb=7
SPI1.VirtualType=VM_MASTER
ProjectManager.NoMain=false
SPI1.IPParameters=VirtualType,Mode,Direction,CalculateBaudRate
ProjectManager.functionlistsort=
RCC.EXTERNAL_CLOCK_VALUE=48000
ProjectManager.DefaultFWLocation=true
RCC.USART2Freq_Value=16000000
NVIC.SVC_IRQn=true\:0\:0\:false\:false\:true\:false\:false
ProjectManager.DeletePrevious=true
PinOutPanel.RotationAngle=0
PinOutPanel.CurrentBGAView=Top
RCC.FamilyName=M
RCC.MCO1PinFreq_Value=16000000
ProjectManager.StackSize=0x400
RCC.LPTIM1Freq_Value=16000000
PA3.Mode=Asynchronous
Mcu.IP4=USART2
RCC.FCLKCortexFreq_Value=16000000
Mcu.IP2=SPI1
Mcu.IP3=SYS
Mcu.IP0=NVIC
Mcu.IP1=RCC
Mcu.UserConstants=
ProjectManager.TargetToolchain=EWARM V8.32
Mcu.ThirdPartyNb=0
SPI1.Direction=SPI_DIRECTION_2LINES
RCC.HCLKFreq_Value=16000000
Mcu.IPNb=5
ProjectManager.PreviousToolchain=
RCC.I2S1Freq_Value=16000000
SPI1.CalculateBaudRate=8.0 MBits/s
Mcu.Pin6=VP_SYS_VS_DBSignals
RCC.LSE_VALUE=32768
PA1.Signal=SPI1_SCK
RCC.AHBFreq_Value=16000000
Mcu.Pin0=PB5
Mcu.Pin1=PA11 [PA9]
GPIO.groupedBy=
Mcu.Pin2=PA3
Mcu.Pin3=PA1
Mcu.Pin4=PA2
Mcu.Pin5=VP_SYS_VS_Systick
ProjectManager.ProjectBuild=false
RCC.HSE_VALUE=8000000
board=custom
USART2.VirtualMode-Asynchronous=VM_ASYNC
RCC.VCOOutputFreq_Value=128000000
NVIC.SysTick_IRQn=true\:0\:0\:false\:false\:true\:false\:true
ProjectManager.LastFirmware=true
ProjectManager.FirmwarePackage=STM32Cube FW_G0 V1.3.0
MxDb.Version=DB.5.0.60
PA1.Mode=Full_Duplex_Master
ProjectManager.BackupPrevious=false
MxCube.Version=5.6.0
RCC.VCOInputFreq_Value=16000000
RCC.I2C1Freq_Value=16000000
SPI1.Mode=SPI_MODE_MASTER
VP_SYS_VS_DBSignals.Signal=SYS_VS_DBSignals
PB5.Mode=Full_Duplex_Master
File.Version=6
VP_SYS_VS_Systick.Mode=SysTick
VP_SYS_VS_DBSignals.Mode=DisableDeadBatterySignals
NVIC.NonMaskableInt_IRQn=true\:0\:0\:false\:false\:true\:false\:false
RCC.PLLRCLKFreq_Value=64000000
NVIC.PendSV_IRQn=true\:0\:0\:false\:false\:true\:false\:false
ProjectManager.FreePins=false
RCC.IPParameters=AHBFreq_Value,APBFreq_Value,APBTimFreq_Value,CECFreq_Value,CortexFreq_Value,EXTERNAL_CLOCK_VALUE,FCLKCortexFreq_Value,FamilyName,HCLKFreq_Value,HSE_VALUE,HSI_VALUE,I2C1Freq_Value,I2S1Freq_Value,LPTIM1Freq_Value,LPTIM2Freq_Value,LPUART1Freq_Value,LSCOPinFreq_Value,LSE_VALUE,LSI_VALUE,MCO1PinFreq_Value,PLLPoutputFreq_Value,PLLQoutputFreq_Value,PLLRCLKFreq_Value,PWRFreq_Value,SYSCLKFreq_VALUE,TIM15Freq_Value,TIM1Freq_Value,USART1Freq_Value,USART2Freq_Value,VCOInputFreq_Value,VCOOutputFreq_Value
ProjectManager.AskForMigrate=true
Mcu.Name=STM32G071EBYx
PA11\ [PA9].Signal=SPI1_MISO
RCC.LPTIM2Freq_Value=16000000
ProjectManager.HalAssertFull=false
PA2.Signal=USART2_TX
ProjectManager.ProjectName=cubemx
ProjectManager.UnderRoot=false
RCC.TIM1Freq_Value=16000000
ProjectManager.CoupleFile=false
RCC.APBTimFreq_Value=16000000
RCC.SYSCLKFreq_VALUE=16000000
Mcu.Package=WLCSP25
PB5.Signal=SPI1_MOSI
RCC.TIM15Freq_Value=16000000
PA3.Locked=true
NVIC.ForceEnableDMAVector=true
KeepUserPlacement=false
RCC.APBFreq_Value=16000000
ProjectManager.CompilerOptimize=6
ProjectManager.ToolChainLocation=
RCC.LSI_VALUE=32000
VP_SYS_VS_Systick.Signal=SYS_VS_Systick
RCC.LSCOPinFreq_Value=32000
ProjectManager.HeapSize=0x200
NVIC.HardFault_IRQn=true\:0\:0\:false\:false\:true\:false\:false
ProjectManager.ComputerToolchain=false
RCC.HSI_VALUE=16000000
RCC.PLLPoutputFreq_Value=64000000
RCC.CECFreq_Value=32786.88524590164
PA2.Mode=Asynchronous
RCC.PWRFreq_Value=16000000
RCC.LPUART1Freq_Value=16000000
ProjectManager.CustomerFirmwarePackage=
ProjectManager.DeviceId=STM32G071EBYx
ProjectManager.LibraryCopy=0
PA3.Signal=USART2_RX
PA2.Locked=true
